
Microsoft Visual Studio Solution File, Format Version 12.00
# Visual Studio Version 17
VisualStudioVersion = 17.0.32126.317
MinimumVisualStudioVersion = 10.0.40219.1
Project("{FAE04EC0-301F-11D3-BF4B-00C04F79EFBC}") = "Tasks", "Tasks\Tasks.csproj", "{D89B045D-136D-4134-9823-455EE0240B25}"
EndProject
Global
	GlobalSection(SolutionConfigurationPlatforms) = preSolution
		Debug|Any CPU = Debug|Any CPU
		Release|Any CPU = Release|Any CPU
	EndGlobalSection
	GlobalSection(ProjectConfigurationPlatforms) = postSolution
		{D89B045D-136D-4134-9823-455EE0240B25}.Debug|Any CPU.ActiveCfg = Debug|Any CPU
		{D89B045D-136D-4134-9823-455EE0240B25}.Debug|Any CPU.Build.0 = Debug|Any CPU
		{D89B045D-136D-4134-9823-455EE0240B25}.Release|Any CPU.ActiveCfg = Release|Any CPU
		{D89B045D-136D-4134-9823-455EE0240B25}.Release|Any CPU.Build.0 = Release|Any CPU
	EndGlobalSection
	GlobalSection(SolutionProperties) = preSolution
		HideSolutionNode = FALSE
	EndGlobalSection
	GlobalSection(ExtensibilityGlobals) = postSolution
		SolutionGuid = {FD065DB5-67BB-4F1C-88B4-7092F970622C}
	EndGlobalSection
EndGlobal
